{
    "_meta": {
        "hash": {
            "sha256": "b9c848a965c9d7c498192ae838318c8570aeba204e54cdf2c05e2dabfa9e529e"
        },
        "pipfile-spec": 6,
        "requires": {
            "python_version": "3.12.3"
        },
        "sources": [
            {
                "name": "pypi",
                "url": "https://pypi.org/simple",
                "verify_ssl": true
            }
        ]
    },
    "default": {
        "iniconfig": {
            "hashes": [
                "sha256:2d91e135bf72d31a410b17c16da610a82cb55f6b0477d1a902134b24a455b8b3",
                "sha256:b6a85871a79d2e3b22d2d1b94ac2824226a63c6b741c88f7ae975f18b6778374"
            ],
            "markers": "python_version >= '3.7'",
            "version": "==2.0.0"
        },
        "packaging": {
            "hashes": [
                "sha256:026ed72c8ed3fcce5bf8950572258698927fd1dbda10a5e981cdf0ac37f4f002",
                "sha256:5b8f2217dbdbd2f7f384c41c628544e6d52f2d0f53c6d0c3ea61aa5d1d7ff124"
            ],
            "markers": "python_version >= '3.8'",
            "version": "==24.1"
        },
        "pluggy": {
            "hashes": [
                "sha256:2cffa88e94fdc978c4c574f15f9e59b7f4201d439195c3715ca9e2486f1d0cf1",
                "sha256:44e1ad92c8ca002de6377e165f3e0f1be63266ab4d554740532335b9d75ea669"
            ],
            "markers": "python_version >= '3.8'",
            "version": "==1.5.0"
        },
        "pyfstab": {
            "hashes": [
                "sha256:5f0ceeef5c6356a5414ff44eaf578b774a3ff14cce901593ff25f8cb79b769f5",
                "sha256:798bf5dda62007fe94a56f91a9dddec972cfca482527eba768651df8b64171c5"
            ],
            "index": "pypi",
            "markers": "python_version >= '3.5' and python_version < '4.0'",
            "version": "==0.2.0"
        },
        "pyside6": {
            "hashes": [
                "sha256:1730d80f52cf9fb04c5267e652ddb1b7857fba5302860392fc73bfb9ab81ef8e",
                "sha256:6567a4bc1a6bf77c13ea1fbe128ff68379afb31e92795cb501a7e085d8bf744e",
                "sha256:9eb918758b9ca838febceb972db2c651ff652b7e5a893d8e59a38a744579ccc4",
                "sha256:a8f8ce89094e28a384821e5a4ba4ea952f3a02fe97a2b2ce5912eba4876554d0"
            ],
            "index": "pypi",
            "markers": "python_version < '3.13' and python_version >= '3.9'",
            "version": "==6.8.0.1"
        },
        "pyside6-addons": {
            "hashes": [
                "sha256:066f0b6555f3351263a8d4936da5a95bd1b3e9bc83881f9f477d9146ccd3282f",
                "sha256:4cf9aebd26d908de4cbd5c7274f432370f8b0dc8dc7b748a6e6ade035fe28f28",
                "sha256:db3622c257920e0d20de2f80ade6c064a48ee1e0c9a1cfe1f1d3bc2685c93996",
                "sha256:ed8f73e41b24ae6ea5ebb9dca1d4d6a6ddf06cffda63fa929d5e180ea9ac3cdd"
            ],
            "markers": "python_version < '3.13' and python_version >= '3.9'",
            "version": "==6.8.0.1"
        },
        "pyside6-essentials": {
            "hashes": [
                "sha256:2ae533a318b563ef7b73b1d7de3254e966423215589329207e45ee9adcb2e83c",
                "sha256:327a0f08cb1ee5af7f7ed81527bbdb3058e2a39a300efcc806e0289b50192f98",
                "sha256:6f573331261889992d450145c0f3a9a317e798b63c1318cc271422c0a74b2298",
                "sha256:800d26aa51003b41c73e9c4cd4fd6c96fe91fc21f9862c3d459a7e2209f9475f"
            ],
            "markers": "python_version < '3.13' and python_version >= '3.9'",
            "version": "==6.8.0.1"
        },
        "pytest": {
            "hashes": [
                "sha256:70b98107bd648308a7952b06e6ca9a50bc660be218d53c257cc1fc94fda10181",
                "sha256:a6853c7375b2663155079443d2e45de913a911a11d669df02a50814944db57b2"
            ],
            "index": "pypi",
            "markers": "python_version >= '3.8'",
            "version": "==8.3.3"
        },
        "shiboken6": {
            "hashes": [
                "sha256:3f2601c0db8d1e860a2a1265936e616361b073360eb15153806638fbc3b7ff26",
                "sha256:77b6e2eae8d48fe32a058e234778c42642eca1755de8b793e2d57857d7d037cf",
                "sha256:99cbb8d53bd2abcb61717a675bb3c1d7513868298b56cdfcae8aa27ed367577a",
                "sha256:eb2db6f0cac42f10dc5b4bcf4ab5a8e079acb870877d0cb3d95cac80c20e4554"
            ],
            "markers": "python_version < '3.13' and python_version >= '3.9'",
            "version": "==6.8.0.1"
        }
    },
    "develop": {}
}
